
Microsoft Visual Studio Solution File, Format Version 12.00
# Visual Studio Version 17
VisualStudioVersion = 17.9.34728.123
MinimumVisualStudioVersion = 10.0.40219.1
Project("{FAE04EC0-301F-11D3-BF4B-00C04F79EFBC}") = "Chapter05", "Chapter05\Chapter05\Chapter05.csproj", "{7F9CC0BC-F5FD-4BB1-A608-B6757A96B453}"
EndProject
Project("{FAE04EC0-301F-11D3-BF4B-00C04F79EFBC}") = "Chapter05.Client", "Chapter05\Chapter05.Client\Chapter05.Client.csproj", "{9E5FDDE2-52F8-4C1A-A786-3BA131DD72BB}"
EndProject
Global
	GlobalSection(SolutionConfigurationPlatforms) = preSolution
		Debug|Any CPU = Debug|Any CPU
		Release|Any CPU = Release|Any CPU
	EndGlobalSection
	GlobalSection(ProjectConfigurationPlatforms) = postSolution
		{7F9CC0BC-F5FD-4BB1-A608-B6757A96B453}.Debug|Any CPU.ActiveCfg = Debug|Any CPU
		{7F9CC0BC-F5FD-4BB1-A608-B6757A96B453}.Debug|Any CPU.Build.0 = Debug|Any CPU
		{7F9CC0BC-F5FD-4BB1-A608-B6757A96B453}.Release|Any CPU.ActiveCfg = Release|Any CPU
		{7F9CC0BC-F5FD-4BB1-A608-B6757A96B453}.Release|Any CPU.Build.0 = Release|Any CPU
		{9E5FDDE2-52F8-4C1A-A786-3BA131DD72BB}.Debug|Any CPU.ActiveCfg = Debug|Any CPU
		{9E5FDDE2-52F8-4C1A-A786-3BA131DD72BB}.Debug|Any CPU.Build.0 = Debug|Any CPU
		{9E5FDDE2-52F8-4C1A-A786-3BA131DD72BB}.Release|Any CPU.ActiveCfg = Release|Any CPU
		{9E5FDDE2-52F8-4C1A-A786-3BA131DD72BB}.Release|Any CPU.Build.0 = Release|Any CPU
	EndGlobalSection
	GlobalSection(SolutionProperties) = preSolution
		HideSolutionNode = FALSE
	EndGlobalSection
	GlobalSection(ExtensibilityGlobals) = postSolution
		SolutionGuid = {4BB0D154-52DF-4B07-BBBA-E44162D3AD86}
	EndGlobalSection
EndGlobal
