
Microsoft Visual Studio Solution File, Format Version 12.00
# Visual Studio Version 17
VisualStudioVersion = 17.9.34728.123
MinimumVisualStudioVersion = 10.0.40219.1
Project("{9A19103F-16F7-4668-BE54-9A1E7A4F7556}") = "Chapter5", "PacktFullStackDevelopmentDotNet\Chapter5.csproj", "{C87E3B66-7BC0-4C21-A65B-DA169240EA84}"
EndProject
Project("{9A19103F-16F7-4668-BE54-9A1E7A4F7556}") = "Chapter5.Client", "PacktFullStackDevelopmentDotNet.Client\Chapter5.Client.csproj", "{2CC8EF69-A64F-4A14-9CDD-5D09055AA3F9}"
EndProject
Project("{FAE04EC0-301F-11D3-BF4B-00C04F79EFBC}") = "Chapter5New", "Chapter5New\Chapter5New\Chapter5New.csproj", "{8A6D242C-D777-47DD-987D-558E8AA4B9F2}"
EndProject
Project("{FAE04EC0-301F-11D3-BF4B-00C04F79EFBC}") = "Chapter5New.Client", "Chapter5New\Chapter5New.Client\Chapter5New.Client.csproj", "{5E73288A-C130-4780-B5A5-CBD960D22E12}"
EndProject
Project("{FAE04EC0-301F-11D3-BF4B-00C04F79EFBC}") = "Chapter05", "Chapter05\Chapter05\Chapter05.csproj", "{7F9CC0BC-F5FD-4BB1-A608-B6757A96B453}"
EndProject
Project("{FAE04EC0-301F-11D3-BF4B-00C04F79EFBC}") = "Chapter05.Client", "Chapter05\Chapter05.Client\Chapter05.Client.csproj", "{9E5FDDE2-52F8-4C1A-A786-3BA131DD72BB}"
EndProject
Global
	GlobalSection(SolutionConfigurationPlatforms) = preSolution
		Debug|Any CPU = Debug|Any CPU
		Release|Any CPU = Release|Any CPU
	EndGlobalSection
	GlobalSection(ProjectConfigurationPlatforms) = postSolution
		{C87E3B66-7BC0-4C21-A65B-DA169240EA84}.Debug|Any CPU.ActiveCfg = Debug|Any CPU
		{C87E3B66-7BC0-4C21-A65B-DA169240EA84}.Debug|Any CPU.Build.0 = Debug|Any CPU
		{C87E3B66-7BC0-4C21-A65B-DA169240EA84}.Release|Any CPU.ActiveCfg = Release|Any CPU
		{C87E3B66-7BC0-4C21-A65B-DA169240EA84}.Release|Any CPU.Build.0 = Release|Any CPU
		{2CC8EF69-A64F-4A14-9CDD-5D09055AA3F9}.Debug|Any CPU.ActiveCfg = Debug|Any CPU
		{2CC8EF69-A64F-4A14-9CDD-5D09055AA3F9}.Debug|Any CPU.Build.0 = Debug|Any CPU
		{2CC8EF69-A64F-4A14-9CDD-5D09055AA3F9}.Release|Any CPU.ActiveCfg = Release|Any CPU
		{2CC8EF69-A64F-4A14-9CDD-5D09055AA3F9}.Release|Any CPU.Build.0 = Release|Any CPU
		{8A6D242C-D777-47DD-987D-558E8AA4B9F2}.Debug|Any CPU.ActiveCfg = Debug|Any CPU
		{8A6D242C-D777-47DD-987D-558E8AA4B9F2}.Debug|Any CPU.Build.0 = Debug|Any CPU
		{8A6D242C-D777-47DD-987D-558E8AA4B9F2}.Release|Any CPU.ActiveCfg = Release|Any CPU
		{8A6D242C-D777-47DD-987D-558E8AA4B9F2}.Release|Any CPU.Build.0 = Release|Any CPU
		{5E73288A-C130-4780-B5A5-CBD960D22E12}.Debug|Any CPU.ActiveCfg = Debug|Any CPU
		{5E73288A-C130-4780-B5A5-CBD960D22E12}.Debug|Any CPU.Build.0 = Debug|Any CPU
		{5E73288A-C130-4780-B5A5-CBD960D22E12}.Release|Any CPU.ActiveCfg = Release|Any CPU
		{5E73288A-C130-4780-B5A5-CBD960D22E12}.Release|Any CPU.Build.0 = Release|Any CPU
		{7F9CC0BC-F5FD-4BB1-A608-B6757A96B453}.Debug|Any CPU.ActiveCfg = Debug|Any CPU
		{7F9CC0BC-F5FD-4BB1-A608-B6757A96B453}.Debug|Any CPU.Build.0 = Debug|Any CPU
		{7F9CC0BC-F5FD-4BB1-A608-B6757A96B453}.Release|Any CPU.ActiveCfg = Release|Any CPU
		{7F9CC0BC-F5FD-4BB1-A608-B6757A96B453}.Release|Any CPU.Build.0 = Release|Any CPU
		{9E5FDDE2-52F8-4C1A-A786-3BA131DD72BB}.Debug|Any CPU.ActiveCfg = Debug|Any CPU
		{9E5FDDE2-52F8-4C1A-A786-3BA131DD72BB}.Debug|Any CPU.Build.0 = Debug|Any CPU
		{9E5FDDE2-52F8-4C1A-A786-3BA131DD72BB}.Release|Any CPU.ActiveCfg = Release|Any CPU
		{9E5FDDE2-52F8-4C1A-A786-3BA131DD72BB}.Release|Any CPU.Build.0 = Release|Any CPU
	EndGlobalSection
	GlobalSection(SolutionProperties) = preSolution
		HideSolutionNode = FALSE
	EndGlobalSection
	GlobalSection(ExtensibilityGlobals) = postSolution
		SolutionGuid = {4BB0D154-52DF-4B07-BBBA-E44162D3AD86}
	EndGlobalSection
EndGlobal
